
Microsoft Visual Studio Solution File, Format Version 12.00
# Visual Studio Version 17
VisualStudioVersion = 17.3.32708.82
MinimumVisualStudioVersion = 10.0.40219.1
Project("{8BC9CEB8-8B4A-11D0-8D11-00A0C91BC942}") = "warbird-hook", "warbird-hook\warbird-hook.vcxproj", "{14A84DEB-E9D6-4881-9673-472D4E7A940C}"
EndProject
Global
	GlobalSection(SolutionConfigurationPlatforms) = preSolution
		Debug|ARM64 = Debug|ARM64
		Debug|x64 = Debug|x64
		Release|ARM64 = Release|ARM64
		Release|x64 = Release|x64
	EndGlobalSection
	GlobalSection(ProjectConfigurationPlatforms) = postSolution
		{14A84DEB-E9D6-4881-9673-472D4E7A940C}.Debug|ARM64.ActiveCfg = Debug|ARM64
		{14A84DEB-E9D6-4881-9673-472D4E7A940C}.Debug|ARM64.Build.0 = Debug|ARM64
		{14A84DEB-E9D6-4881-9673-472D4E7A940C}.Debug|ARM64.Deploy.0 = Debug|ARM64
		{14A84DEB-E9D6-4881-9673-472D4E7A940C}.Debug|x64.ActiveCfg = Debug|x64
		{14A84DEB-E9D6-4881-9673-472D4E7A940C}.Debug|x64.Build.0 = Debug|x64
		{14A84DEB-E9D6-4881-9673-472D4E7A940C}.Debug|x64.Deploy.0 = Debug|x64
		{14A84DEB-E9D6-4881-9673-472D4E7A940C}.Release|ARM64.ActiveCfg = Release|ARM64
		{14A84DEB-E9D6-4881-9673-472D4E7A940C}.Release|ARM64.Build.0 = Release|ARM64
		{14A84DEB-E9D6-4881-9673-472D4E7A940C}.Release|ARM64.Deploy.0 = Release|ARM64
		{14A84DEB-E9D6-4881-9673-472D4E7A940C}.Release|x64.ActiveCfg = Release|x64
		{14A84DEB-E9D6-4881-9673-472D4E7A940C}.Release|x64.Build.0 = Release|x64
		{14A84DEB-E9D6-4881-9673-472D4E7A940C}.Release|x64.Deploy.0 = Release|x64
	EndGlobalSection
	GlobalSection(SolutionProperties) = preSolution
		HideSolutionNode = FALSE
	EndGlobalSection
	GlobalSection(ExtensibilityGlobals) = postSolution
		SolutionGuid = {8F687DC8-FC3B-43DA-B077-EA10A48A7A24}
	EndGlobalSection
EndGlobal
